
Microsoft Visual Studio Solution File, Format Version 11.00
# Visual Studio 2010
Project("{888888A0-9F3D-457C-B088-3A5042F75D52}") = "SampleWithMoreInfo", "SampleWithMoreInfo\SampleWithMoreInfo.pyproj", "{6B689DAD-59DA-471B-BB0D-365C55AF846A}"
EndProject
Project("{888888A0-9F3D-457C-B088-3A5042F75D52}") = "SphereSamplingMotionPlanning", "SphereSamplingMotionPlanning\SphereSamplingMotionPlanning.pyproj", "{EA2B0BBA-ED32-4865-9409-08A25FF11651}"
EndProject
Project("{888888A0-9F3D-457C-B088-3A5042F75D52}") = "SphereSamplingHighDimension", "SphereSamplingHighDimension\SphereSamplingHighDimension.pyproj", "{547C24DF-9A84-486D-868F-C6319C3B65DC}"
EndProject
Global
	GlobalSection(SolutionConfigurationPlatforms) = preSolution
		Debug|Any CPU = Debug|Any CPU
		Release|Any CPU = Release|Any CPU
	EndGlobalSection
	GlobalSection(ProjectConfigurationPlatforms) = postSolution
		{6B689DAD-59DA-471B-BB0D-365C55AF846A}.Debug|Any CPU.ActiveCfg = Debug|Any CPU
		{6B689DAD-59DA-471B-BB0D-365C55AF846A}.Debug|Any CPU.Build.0 = Debug|Any CPU
		{6B689DAD-59DA-471B-BB0D-365C55AF846A}.Release|Any CPU.ActiveCfg = Release|Any CPU
		{6B689DAD-59DA-471B-BB0D-365C55AF846A}.Release|Any CPU.Build.0 = Release|Any CPU
		{EA2B0BBA-ED32-4865-9409-08A25FF11651}.Debug|Any CPU.ActiveCfg = Debug|Any CPU
		{EA2B0BBA-ED32-4865-9409-08A25FF11651}.Debug|Any CPU.Build.0 = Debug|Any CPU
		{EA2B0BBA-ED32-4865-9409-08A25FF11651}.Release|Any CPU.ActiveCfg = Release|Any CPU
		{EA2B0BBA-ED32-4865-9409-08A25FF11651}.Release|Any CPU.Build.0 = Release|Any CPU
		{547C24DF-9A84-486D-868F-C6319C3B65DC}.Debug|Any CPU.ActiveCfg = Debug|Any CPU
		{547C24DF-9A84-486D-868F-C6319C3B65DC}.Debug|Any CPU.Build.0 = Debug|Any CPU
		{547C24DF-9A84-486D-868F-C6319C3B65DC}.Release|Any CPU.ActiveCfg = Release|Any CPU
		{547C24DF-9A84-486D-868F-C6319C3B65DC}.Release|Any CPU.Build.0 = Release|Any CPU
	EndGlobalSection
	GlobalSection(SolutionProperties) = preSolution
		HideSolutionNode = FALSE
	EndGlobalSection
EndGlobal
